
Microsoft Visual Studio Solution File, Format Version 12.00
# Visual Studio Version 16
VisualStudioVersion = 16.0.31402.337
MinimumVisualStudioVersion = 10.0.40219.1
Project("{FAE04EC0-301F-11D3-BF4B-00C04F79EFBC}") = "GenshinWishesPredictor", "GenshinWishesPredictor.csproj", "{B3931F6A-BA8D-4770-BAB3-3061FF47AC5B}"
EndProject
Global
	GlobalSection(SolutionConfigurationPlatforms) = preSolution
		Debug|Any CPU = Debug|Any CPU
		Release|Any CPU = Release|Any CPU
	EndGlobalSection
	GlobalSection(ProjectConfigurationPlatforms) = postSolution
		{B3931F6A-BA8D-4770-BAB3-3061FF47AC5B}.Debug|Any CPU.ActiveCfg = Debug|Any CPU
		{B3931F6A-BA8D-4770-BAB3-3061FF47AC5B}.Debug|Any CPU.Build.0 = Debug|Any CPU
		{B3931F6A-BA8D-4770-BAB3-3061FF47AC5B}.Release|Any CPU.ActiveCfg = Release|Any CPU
		{B3931F6A-BA8D-4770-BAB3-3061FF47AC5B}.Release|Any CPU.Build.0 = Release|Any CPU
	EndGlobalSection
	GlobalSection(SolutionProperties) = preSolution
		HideSolutionNode = FALSE
	EndGlobalSection
	GlobalSection(ExtensibilityGlobals) = postSolution
		SolutionGuid = {72C78B19-824C-48CC-91D8-E38E14ADD18B}
	EndGlobalSection
EndGlobal
